
Microsoft Visual Studio Solution File, Format Version 12.00
# Visual Studio 2013
VisualStudioVersion = 12.0.21005.1
MinimumVisualStudioVersion = 10.0.40219.1
Project("{2150E333-8FDC-42A3-9474-1A3956D46DE8}") = "References", "References", "{7B123BC9-C317-4059-9D6A-C9141E3B0F7E}"
EndProject
Project("{8BC9CEB8-8B4A-11D0-8D11-00A0C91BC942}") = "CoreClient", "CoreClient\CoreClient.vcproj", "{77D8D264-3AE8-425E-A192-F01735F6C2DC}"
	ProjectSection(ProjectDependencies) = postProject
		{BE68B244-390D-4206-98D9-A824302A48E6} = {BE68B244-390D-4206-98D9-A824302A48E6}
	EndProjectSection
EndProject
Project("{8BC9CEB8-8B4A-11D0-8D11-00A0C91BC942}") = "CoreLib_PWP", "..\references\core\CoreLib_PWP\CoreLib_PWP.vcxproj", "{BE68B244-390D-4206-98D9-A824302A48E6}"
EndProject
Project("{8BC9CEB8-8B4A-11D0-8D11-00A0C91BC942}") = "LibBase", "..\references\LibBase\LibBase.vcxproj", "{69901E6F-BF33-4957-A001-426EB1635AFB}"
EndProject
Project("{8BC9CEB8-8B4A-11D0-8D11-00A0C91BC942}") = "CoreLauncher", "CoreLauncher\CoreLauncher.vcxproj", "{0C55CB41-2AB7-4E69-935D-6180F144CE88}"
EndProject
Project("{8BC9CEB8-8B4A-11D0-8D11-00A0C91BC942}") = "CoreClientSDK", "CoreClientSDK\CoreClientSDK.vcxproj", "{1985D4F4-2573-44B0-A35D-F9F41ABEB0A6}"
EndProject
Project("{8BC9CEB8-8B4A-11D0-8D11-00A0C91BC942}") = "CoreDepends", "CoreDepends\CoreDepends.vcproj", "{67B78D86-29E1-4BF2-97EF-00E4E7C05425}"
EndProject
Project("{8BC9CEB8-8B4A-11D0-8D11-00A0C91BC942}") = "CoreBrowser", "CoreBrowser\CoreClientBrowser.vcproj", "{D1B3AC87-1BF5-42C3-A2FE-92E07B23E1C5}"
EndProject
Project("{8BC9CEB8-8B4A-11D0-8D11-00A0C91BC942}") = "CoreOverlayStub", "CoreOverlayStub\CoreOverlayStub.vcxproj", "{A1540E51-F0F6-4A41-B15E-42D2D8C176A2}"
EndProject
Project("{8BC9CEB8-8B4A-11D0-8D11-00A0C91BC942}") = "CoreOSOverlay", "CoreOSOverlay\CoreOSOverlay.vcxproj", "{DDC39709-2A2C-4466-9657-CA66898EFBE1}"
EndProject
Project("{8BC9CEB8-8B4A-11D0-8D11-00A0C91BC942}") = "CoreOSBrowser", "CoreOSBrowser\CoreOSBrowser.vcxproj", "{CFB672B9-5B0C-4B8A-8F41-F07244239328}"
EndProject
Project("{8BC9CEB8-8B4A-11D0-8D11-00A0C91BC942}") = "CoreOverlayStub_GTest", "CoreOverlayStub_GTest\CoreOverlayStub_GTest.vcxproj", "{87CDB4E4-B79E-418C-ADF7-01EC07279B34}"
EndProject
Global
	GlobalSection(SolutionConfigurationPlatforms) = preSolution
		Debug|Win32 = Debug|Win32
		Release_D3D11|Win32 = Release_D3D11|Win32
		Release_D3D8|Win32 = Release_D3D8|Win32
		Release_D3D9|Win32 = Release_D3D9|Win32
		Release|Win32 = Release|Win32
		x64|Win32 = x64|Win32
	EndGlobalSection
	GlobalSection(ProjectConfigurationPlatforms) = postSolution
		{77D8D264-3AE8-425E-A192-F01735F6C2DC}.Debug|Win32.ActiveCfg = Debug|Win32
		{77D8D264-3AE8-425E-A192-F01735F6C2DC}.Debug|Win32.Build.0 = Debug|Win32
		{77D8D264-3AE8-425E-A192-F01735F6C2DC}.Release_D3D11|Win32.ActiveCfg = Release|Win32
		{77D8D264-3AE8-425E-A192-F01735F6C2DC}.Release_D3D11|Win32.Build.0 = Release|Win32
		{77D8D264-3AE8-425E-A192-F01735F6C2DC}.Release_D3D8|Win32.ActiveCfg = Release|Win32
		{77D8D264-3AE8-425E-A192-F01735F6C2DC}.Release_D3D8|Win32.Build.0 = Release|Win32
		{77D8D264-3AE8-425E-A192-F01735F6C2DC}.Release_D3D9|Win32.ActiveCfg = Release|Win32
		{77D8D264-3AE8-425E-A192-F01735F6C2DC}.Release_D3D9|Win32.Build.0 = Release|Win32
		{77D8D264-3AE8-425E-A192-F01735F6C2DC}.Release|Win32.ActiveCfg = Release|Win32
		{77D8D264-3AE8-425E-A192-F01735F6C2DC}.Release|Win32.Build.0 = Release|Win32
		{77D8D264-3AE8-425E-A192-F01735F6C2DC}.x64|Win32.ActiveCfg = x64|Win32
		{77D8D264-3AE8-425E-A192-F01735F6C2DC}.x64|Win32.Build.0 = x64|Win32
		{BE68B244-390D-4206-98D9-A824302A48E6}.Debug|Win32.ActiveCfg = Debug|Win32
		{BE68B244-390D-4206-98D9-A824302A48E6}.Debug|Win32.Build.0 = Debug|Win32
		{BE68B244-390D-4206-98D9-A824302A48E6}.Release_D3D11|Win32.ActiveCfg = Release|Win32
		{BE68B244-390D-4206-98D9-A824302A48E6}.Release_D3D11|Win32.Build.0 = Release|Win32
		{BE68B244-390D-4206-98D9-A824302A48E6}.Release_D3D8|Win32.ActiveCfg = Release|Win32
		{BE68B244-390D-4206-98D9-A824302A48E6}.Release_D3D8|Win32.Build.0 = Release|Win32
		{BE68B244-390D-4206-98D9-A824302A48E6}.Release_D3D9|Win32.ActiveCfg = Release|Win32
		{BE68B244-390D-4206-98D9-A824302A48E6}.Release_D3D9|Win32.Build.0 = Release|Win32
		{BE68B244-390D-4206-98D9-A824302A48E6}.Release|Win32.ActiveCfg = Release|Win32
		{BE68B244-390D-4206-98D9-A824302A48E6}.Release|Win32.Build.0 = Release|Win32
		{BE68B244-390D-4206-98D9-A824302A48E6}.x64|Win32.ActiveCfg = x64|Win32
		{BE68B244-390D-4206-98D9-A824302A48E6}.x64|Win32.Build.0 = x64|Win32
		{69901E6F-BF33-4957-A001-426EB1635AFB}.Debug|Win32.ActiveCfg = Debug|Win32
		{69901E6F-BF33-4957-A001-426EB1635AFB}.Debug|Win32.Build.0 = Debug|Win32
		{69901E6F-BF33-4957-A001-426EB1635AFB}.Release_D3D11|Win32.ActiveCfg = Release|Win32
		{69901E6F-BF33-4957-A001-426EB1635AFB}.Release_D3D11|Win32.Build.0 = Release|Win32
		{69901E6F-BF33-4957-A001-426EB1635AFB}.Release_D3D8|Win32.ActiveCfg = Release|Win32
		{69901E6F-BF33-4957-A001-426EB1635AFB}.Release_D3D8|Win32.Build.0 = Release|Win32
		{69901E6F-BF33-4957-A001-426EB1635AFB}.Release_D3D9|Win32.ActiveCfg = Release|Win32
		{69901E6F-BF33-4957-A001-426EB1635AFB}.Release_D3D9|Win32.Build.0 = Release|Win32
		{69901E6F-BF33-4957-A001-426EB1635AFB}.Release|Win32.ActiveCfg = Release|Win32
		{69901E6F-BF33-4957-A001-426EB1635AFB}.Release|Win32.Build.0 = Release|Win32
		{69901E6F-BF33-4957-A001-426EB1635AFB}.x64|Win32.ActiveCfg = x64|Win32
		{69901E6F-BF33-4957-A001-426EB1635AFB}.x64|Win32.Build.0 = x64|Win32
		{0C55CB41-2AB7-4E69-935D-6180F144CE88}.Debug|Win32.ActiveCfg = Debug|Win32
		{0C55CB41-2AB7-4E69-935D-6180F144CE88}.Debug|Win32.Build.0 = Debug|Win32
		{0C55CB41-2AB7-4E69-935D-6180F144CE88}.Release_D3D11|Win32.ActiveCfg = Release|Win32
		{0C55CB41-2AB7-4E69-935D-6180F144CE88}.Release_D3D11|Win32.Build.0 = Release|Win32
		{0C55CB41-2AB7-4E69-935D-6180F144CE88}.Release_D3D8|Win32.ActiveCfg = Release|Win32
		{0C55CB41-2AB7-4E69-935D-6180F144CE88}.Release_D3D8|Win32.Build.0 = Release|Win32
		{0C55CB41-2AB7-4E69-935D-6180F144CE88}.Release_D3D9|Win32.ActiveCfg = Release|Win32
		{0C55CB41-2AB7-4E69-935D-6180F144CE88}.Release_D3D9|Win32.Build.0 = Release|Win32
		{0C55CB41-2AB7-4E69-935D-6180F144CE88}.Release|Win32.ActiveCfg = Release|Win32
		{0C55CB41-2AB7-4E69-935D-6180F144CE88}.Release|Win32.Build.0 = Release|Win32
		{0C55CB41-2AB7-4E69-935D-6180F144CE88}.x64|Win32.ActiveCfg = x64|Win32
		{0C55CB41-2AB7-4E69-935D-6180F144CE88}.x64|Win32.Build.0 = x64|Win32
		{1985D4F4-2573-44B0-A35D-F9F41ABEB0A6}.Debug|Win32.ActiveCfg = Debug|Win32
		{1985D4F4-2573-44B0-A35D-F9F41ABEB0A6}.Debug|Win32.Build.0 = Debug|Win32
		{1985D4F4-2573-44B0-A35D-F9F41ABEB0A6}.Release_D3D11|Win32.ActiveCfg = Release|Win32
		{1985D4F4-2573-44B0-A35D-F9F41ABEB0A6}.Release_D3D11|Win32.Build.0 = Release|Win32
		{1985D4F4-2573-44B0-A35D-F9F41ABEB0A6}.Release_D3D8|Win32.ActiveCfg = Release|Win32
		{1985D4F4-2573-44B0-A35D-F9F41ABEB0A6}.Release_D3D8|Win32.Build.0 = Release|Win32
		{1985D4F4-2573-44B0-A35D-F9F41ABEB0A6}.Release_D3D9|Win32.ActiveCfg = Release|Win32
		{1985D4F4-2573-44B0-A35D-F9F41ABEB0A6}.Release_D3D9|Win32.Build.0 = Release|Win32
		{1985D4F4-2573-44B0-A35D-F9F41ABEB0A6}.Release|Win32.ActiveCfg = Release|Win32
		{1985D4F4-2573-44B0-A35D-F9F41ABEB0A6}.Release|Win32.Build.0 = Release|Win32
		{1985D4F4-2573-44B0-A35D-F9F41ABEB0A6}.x64|Win32.ActiveCfg = x64|x64
		{1985D4F4-2573-44B0-A35D-F9F41ABEB0A6}.x64|Win32.Build.0 = x64|x64
		{67B78D86-29E1-4BF2-97EF-00E4E7C05425}.Debug|Win32.ActiveCfg = Debug|Win32
		{67B78D86-29E1-4BF2-97EF-00E4E7C05425}.Debug|Win32.Build.0 = Debug|Win32
		{67B78D86-29E1-4BF2-97EF-00E4E7C05425}.Release_D3D11|Win32.ActiveCfg = Release|Win32
		{67B78D86-29E1-4BF2-97EF-00E4E7C05425}.Release_D3D11|Win32.Build.0 = Release|Win32
		{67B78D86-29E1-4BF2-97EF-00E4E7C05425}.Release_D3D8|Win32.ActiveCfg = Release|Win32
		{67B78D86-29E1-4BF2-97EF-00E4E7C05425}.Release_D3D8|Win32.Build.0 = Release|Win32
		{67B78D86-29E1-4BF2-97EF-00E4E7C05425}.Release_D3D9|Win32.ActiveCfg = Release|Win32
		{67B78D86-29E1-4BF2-97EF-00E4E7C05425}.Release_D3D9|Win32.Build.0 = Release|Win32
		{67B78D86-29E1-4BF2-97EF-00E4E7C05425}.Release|Win32.ActiveCfg = Release|Win32
		{67B78D86-29E1-4BF2-97EF-00E4E7C05425}.Release|Win32.Build.0 = Release|Win32
		{67B78D86-29E1-4BF2-97EF-00E4E7C05425}.x64|Win32.ActiveCfg = x64|Win32
		{67B78D86-29E1-4BF2-97EF-00E4E7C05425}.x64|Win32.Build.0 = x64|Win32
		{D1B3AC87-1BF5-42C3-A2FE-92E07B23E1C5}.Debug|Win32.ActiveCfg = Debug|Win32
		{D1B3AC87-1BF5-42C3-A2FE-92E07B23E1C5}.Debug|Win32.Build.0 = Debug|Win32
		{D1B3AC87-1BF5-42C3-A2FE-92E07B23E1C5}.Release_D3D11|Win32.ActiveCfg = Release|Win32
		{D1B3AC87-1BF5-42C3-A2FE-92E07B23E1C5}.Release_D3D11|Win32.Build.0 = Release|Win32
		{D1B3AC87-1BF5-42C3-A2FE-92E07B23E1C5}.Release_D3D8|Win32.ActiveCfg = Release|Win32
		{D1B3AC87-1BF5-42C3-A2FE-92E07B23E1C5}.Release_D3D8|Win32.Build.0 = Release|Win32
		{D1B3AC87-1BF5-42C3-A2FE-92E07B23E1C5}.Release_D3D9|Win32.ActiveCfg = Release|Win32
		{D1B3AC87-1BF5-42C3-A2FE-92E07B23E1C5}.Release_D3D9|Win32.Build.0 = Release|Win32
		{D1B3AC87-1BF5-42C3-A2FE-92E07B23E1C5}.Release|Win32.ActiveCfg = Release|Win32
		{D1B3AC87-1BF5-42C3-A2FE-92E07B23E1C5}.Release|Win32.Build.0 = Release|Win32
		{D1B3AC87-1BF5-42C3-A2FE-92E07B23E1C5}.x64|Win32.ActiveCfg = x64|Win32
		{D1B3AC87-1BF5-42C3-A2FE-92E07B23E1C5}.x64|Win32.Build.0 = x64|Win32
		{A1540E51-F0F6-4A41-B15E-42D2D8C176A2}.Debug|Win32.ActiveCfg = Debug|x64
		{A1540E51-F0F6-4A41-B15E-42D2D8C176A2}.Debug|Win32.Build.0 = Debug|x64
		{A1540E51-F0F6-4A41-B15E-42D2D8C176A2}.Release_D3D11|Win32.ActiveCfg = Release|x64
		{A1540E51-F0F6-4A41-B15E-42D2D8C176A2}.Release_D3D8|Win32.ActiveCfg = Release|x64
		{A1540E51-F0F6-4A41-B15E-42D2D8C176A2}.Release_D3D9|Win32.ActiveCfg = Release|x64
		{A1540E51-F0F6-4A41-B15E-42D2D8C176A2}.Release|Win32.ActiveCfg = Release|Win32
		{A1540E51-F0F6-4A41-B15E-42D2D8C176A2}.Release|Win32.Build.0 = Release|Win32
		{A1540E51-F0F6-4A41-B15E-42D2D8C176A2}.x64|Win32.ActiveCfg = x64|x64
		{A1540E51-F0F6-4A41-B15E-42D2D8C176A2}.x64|Win32.Build.0 = x64|x64
		{DDC39709-2A2C-4466-9657-CA66898EFBE1}.Debug|Win32.ActiveCfg = Debug|Win32
		{DDC39709-2A2C-4466-9657-CA66898EFBE1}.Debug|Win32.Build.0 = Debug|Win32
		{DDC39709-2A2C-4466-9657-CA66898EFBE1}.Release_D3D11|Win32.ActiveCfg = Release|Win32
		{DDC39709-2A2C-4466-9657-CA66898EFBE1}.Release_D3D11|Win32.Build.0 = Release|Win32
		{DDC39709-2A2C-4466-9657-CA66898EFBE1}.Release_D3D8|Win32.ActiveCfg = Release|Win32
		{DDC39709-2A2C-4466-9657-CA66898EFBE1}.Release_D3D8|Win32.Build.0 = Release|Win32
		{DDC39709-2A2C-4466-9657-CA66898EFBE1}.Release_D3D9|Win32.ActiveCfg = Release|Win32
		{DDC39709-2A2C-4466-9657-CA66898EFBE1}.Release_D3D9|Win32.Build.0 = Release|Win32
		{DDC39709-2A2C-4466-9657-CA66898EFBE1}.Release|Win32.ActiveCfg = Release|Win32
		{DDC39709-2A2C-4466-9657-CA66898EFBE1}.Release|Win32.Build.0 = Release|Win32
		{DDC39709-2A2C-4466-9657-CA66898EFBE1}.x64|Win32.ActiveCfg = x64|Win32
		{DDC39709-2A2C-4466-9657-CA66898EFBE1}.x64|Win32.Build.0 = x64|Win32
		{CFB672B9-5B0C-4B8A-8F41-F07244239328}.Debug|Win32.ActiveCfg = Debug|Win32
		{CFB672B9-5B0C-4B8A-8F41-F07244239328}.Debug|Win32.Build.0 = Debug|Win32
		{CFB672B9-5B0C-4B8A-8F41-F07244239328}.Release_D3D11|Win32.ActiveCfg = Release|Win32
		{CFB672B9-5B0C-4B8A-8F41-F07244239328}.Release_D3D11|Win32.Build.0 = Release|Win32
		{CFB672B9-5B0C-4B8A-8F41-F07244239328}.Release_D3D8|Win32.ActiveCfg = Release|Win32
		{CFB672B9-5B0C-4B8A-8F41-F07244239328}.Release_D3D8|Win32.Build.0 = Release|Win32
		{CFB672B9-5B0C-4B8A-8F41-F07244239328}.Release_D3D9|Win32.ActiveCfg = Release|Win32
		{CFB672B9-5B0C-4B8A-8F41-F07244239328}.Release_D3D9|Win32.Build.0 = Release|Win32
		{CFB672B9-5B0C-4B8A-8F41-F07244239328}.Release|Win32.ActiveCfg = Release|Win32
		{CFB672B9-5B0C-4B8A-8F41-F07244239328}.Release|Win32.Build.0 = Release|Win32
		{CFB672B9-5B0C-4B8A-8F41-F07244239328}.x64|Win32.ActiveCfg = x64|Win32
		{CFB672B9-5B0C-4B8A-8F41-F07244239328}.x64|Win32.Build.0 = x64|Win32
		{87CDB4E4-B79E-418C-ADF7-01EC07279B34}.Debug|Win32.ActiveCfg = Debug|Win32
		{87CDB4E4-B79E-418C-ADF7-01EC07279B34}.Debug|Win32.Build.0 = Debug|Win32
		{87CDB4E4-B79E-418C-ADF7-01EC07279B34}.Release_D3D11|Win32.ActiveCfg = Release|Win32
		{87CDB4E4-B79E-418C-ADF7-01EC07279B34}.Release_D3D11|Win32.Build.0 = Release|Win32
		{87CDB4E4-B79E-418C-ADF7-01EC07279B34}.Release_D3D8|Win32.ActiveCfg = Release|Win32
		{87CDB4E4-B79E-418C-ADF7-01EC07279B34}.Release_D3D8|Win32.Build.0 = Release|Win32
		{87CDB4E4-B79E-418C-ADF7-01EC07279B34}.Release_D3D9|Win32.ActiveCfg = Release|Win32
		{87CDB4E4-B79E-418C-ADF7-01EC07279B34}.Release_D3D9|Win32.Build.0 = Release|Win32
		{87CDB4E4-B79E-418C-ADF7-01EC07279B34}.Release|Win32.ActiveCfg = Release|Win32
		{87CDB4E4-B79E-418C-ADF7-01EC07279B34}.Release|Win32.Build.0 = Release|Win32
		{87CDB4E4-B79E-418C-ADF7-01EC07279B34}.x64|Win32.ActiveCfg = Release|Win32
		{87CDB4E4-B79E-418C-ADF7-01EC07279B34}.x64|Win32.Build.0 = Release|Win32
	EndGlobalSection
	GlobalSection(SolutionProperties) = preSolution
		HideSolutionNode = FALSE
	EndGlobalSection
	GlobalSection(NestedProjects) = preSolution
		{BE68B244-390D-4206-98D9-A824302A48E6} = {7B123BC9-C317-4059-9D6A-C9141E3B0F7E}
		{69901E6F-BF33-4957-A001-426EB1635AFB} = {7B123BC9-C317-4059-9D6A-C9141E3B0F7E}
	EndGlobalSection
EndGlobal
