<?xml version="1.0" encoding="utf-8"?>
<Project ToolsVersion="4.0" xmlns="http://schemas.microsoft.com/developer/msbuild/2003">
  <ItemGroup>
    <Filter Include="Source Files">
      <UniqueIdentifier>{4FC737F1-C7A5-4376-A066-2A32D752A2FF}</UniqueIdentifier>
      <Extensions>cpp;c;cc;cxx;def;odl;idl;hpj;bat;asm;asmx</Extensions>
    </Filter>
    <Filter Include="Source Files\common">
      <UniqueIdentifier>{5ab85ed9-30f6-4024-8f1d-9deb4aae4ae2}</UniqueIdentifier>
    </Filter>
    <Filter Include="Source Files\common\crypt">
      <UniqueIdentifier>{3eb195e1-b81b-4d5a-9580-cb7f2c89c9fd}</UniqueIdentifier>
    </Filter>
    <Filter Include="Source Files\common\download">
      <UniqueIdentifier>{e9123f08-6b32-4187-93b1-64b400268844}</UniqueIdentifier>
    </Filter>
    <Filter Include="Header Files">
      <UniqueIdentifier>{93995380-89BD-4b04-88EB-625FBE52EBFB}</UniqueIdentifier>
      <Extensions>h;hpp;hxx;hm;inl;inc;xsd</Extensions>
    </Filter>
    <Filter Include="Header Files\common">
      <UniqueIdentifier>{5a042501-bda9-45a5-a10f-2a4fbbed91a6}</UniqueIdentifier>
    </Filter>
    <Filter Include="Resource Files">
      <UniqueIdentifier>{67DA6AB6-F800-4c08-8B7A-83BB121AAD01}</UniqueIdentifier>
      <Extensions>rc;ico;cur;bmp;dlg;rc2;rct;bin;rgs;gif;jpg;jpeg;jpe;resx;tiff;tif;png;wav</Extensions>
    </Filter>
    <Filter Include="detours">
      <UniqueIdentifier>{07636b5b-512f-4713-9bb7-1dad415da798}</UniqueIdentifier>
    </Filter>
  </ItemGroup>
  <ItemGroup>
    <ClCompile Include="BrowserImpl.cpp">
      <Filter>Source Files</Filter>
    </ClCompile>
    <ClCompile Include="..\Common\src\browser\BrowserImplbase.cpp">
      <Filter>Source Files</Filter>
    </ClCompile>
    <ClCompile Include="cefclient.cpp">
      <Filter>Source Files</Filter>
    </ClCompile>
    <ClCompile Include="..\Common\src\browser\client_app.cpp">
      <Filter>Source Files</Filter>
    </ClCompile>
    <ClCompile Include="CoreOSBrowser.cpp">
      <Filter>Source Files</Filter>
    </ClCompile>
    <ClCompile Include="stdafx.cpp">
      <Filter>Source Files</Filter>
    </ClCompile>
    <ClCompile Include="..\Common\src\data\AsynWebServiceHelper.cpp">
      <Filter>Source Files\common</Filter>
    </ClCompile>
    <ClCompile Include="..\Common\src\data\CSVTool.cpp">
      <Filter>Source Files\common</Filter>
    </ClCompile>
    <ClCompile Include="..\Common\src\data\DataPool.cpp">
      <Filter>Source Files\common</Filter>
    </ClCompile>
    <ClCompile Include="..\Common\src\data\ErrorReport.cpp">
      <Filter>Source Files\common</Filter>
    </ClCompile>
    <ClCompile Include="..\Common\src\data\Registry.cpp">
      <Filter>Source Files\common</Filter>
    </ClCompile>
    <ClCompile Include="..\Common\src\tstring\SafeStrFunc.cpp">
      <Filter>Source Files\common</Filter>
    </ClCompile>
    <ClCompile Include="..\Common\src\data\SystemInfo.cpp">
      <Filter>Source Files\common</Filter>
    </ClCompile>
    <ClCompile Include="..\Common\src\thread\thread.cpp">
      <Filter>Source Files\common</Filter>
    </ClCompile>
    <ClCompile Include="..\Common\src\tstring\tstring.cpp">
      <Filter>Source Files\common</Filter>
    </ClCompile>
    <ClCompile Include="..\Common\src\data\UIString.cpp">
      <Filter>Source Files\common</Filter>
    </ClCompile>
    <ClCompile Include="..\Common\src\data\Utility.cpp">
      <Filter>Source Files\common</Filter>
    </ClCompile>
    <ClCompile Include="..\Common\src\data\WebData.cpp">
      <Filter>Source Files\common</Filter>
    </ClCompile>
    <ClCompile Include="..\Common\src\data\WebService.cpp">
      <Filter>Source Files\common</Filter>
    </ClCompile>
    <ClCompile Include="..\Common\src\crypt\base64.cpp">
      <Filter>Source Files\common\crypt</Filter>
    </ClCompile>
    <ClCompile Include="..\Common\src\crypt\crc32.cpp">
      <Filter>Source Files\common\crypt</Filter>
    </ClCompile>
    <ClCompile Include="..\Common\src\crypt\des.cpp">
      <Filter>Source Files\common\crypt</Filter>
    </ClCompile>
    <ClCompile Include="..\Common\src\crypt\kaes.cpp">
      <Filter>Source Files\common\crypt</Filter>
    </ClCompile>
    <ClCompile Include="..\Common\src\crypt\md5.cpp">
      <Filter>Source Files\common\crypt</Filter>
    </ClCompile>
    <ClCompile Include="..\Common\src\download\unzip.cpp">
      <Filter>Source Files\common\download</Filter>
    </ClCompile>
    <ClCompile Include="..\Common\src\download\zip.cpp">
      <Filter>Source Files\common\download</Filter>
    </ClCompile>
    <ClCompile Include="..\CoreOverlayStub\detours\creatwth.cpp">
      <Filter>detours</Filter>
    </ClCompile>
    <ClCompile Include="..\CoreOverlayStub\detours\detours.cpp">
      <Filter>detours</Filter>
    </ClCompile>
    <ClCompile Include="..\CoreOverlayStub\detours\disasm.cpp">
      <Filter>detours</Filter>
    </ClCompile>
    <ClCompile Include="..\CoreOverlayStub\detours\image.cpp">
      <Filter>detours</Filter>
    </ClCompile>
    <ClCompile Include="..\CoreOverlayStub\detours\modules.cpp">
      <Filter>detours</Filter>
    </ClCompile>
  </ItemGroup>
  <ItemGroup>
    <ClInclude Include="BrowserImpl.h">
      <Filter>Header Files</Filter>
    </ClInclude>
    <ClInclude Include="..\Common\include\browser\BrowserImplbase.h">
      <Filter>Header Files</Filter>
    </ClInclude>
    <ClInclude Include="cefclient.h">
      <Filter>Header Files</Filter>
    </ClInclude>
    <ClInclude Include="..\Common\include\browser\client_app.h">
      <Filter>Header Files</Filter>
    </ClInclude>
    <ClInclude Include="CoreOSBrowser.h">
      <Filter>Header Files</Filter>
    </ClInclude>
    <ClInclude Include="Resource.h">
      <Filter>Header Files</Filter>
    </ClInclude>
    <ClInclude Include="stdafx.h">
      <Filter>Header Files</Filter>
    </ClInclude>
    <ClInclude Include="..\Common\include\data\AsynWebServiceHelper.h">
      <Filter>Header Files\common</Filter>
    </ClInclude>
    <ClInclude Include="..\Common\include\thread\Condition.h">
      <Filter>Header Files\common</Filter>
    </ClInclude>
    <ClInclude Include="..\Common\include\CoreMsgBase.h">
      <Filter>Header Files\common</Filter>
    </ClInclude>
    <ClInclude Include="..\Common\include\CoreMsgBrowser2Svr.h">
      <Filter>Header Files\common</Filter>
    </ClInclude>
    <ClInclude Include="..\Common\include\tstring\SafeStrFunc.h">
      <Filter>Header Files\common</Filter>
    </ClInclude>
    <ClInclude Include="..\Common\include\thread\thread.h">
      <Filter>Header Files\common</Filter>
    </ClInclude>
    <ClInclude Include="..\Common\include\thread\ThreadPool.h">
      <Filter>Header Files\common</Filter>
    </ClInclude>
    <ClInclude Include="..\Common\include\tstring\tstring.h">
      <Filter>Header Files\common</Filter>
    </ClInclude>
    <ClInclude Include="..\Common\include\tstring\typedef.h">
      <Filter>Header Files\common</Filter>
    </ClInclude>
    <ClInclude Include="..\Common\include\thread\WQueue.h">
      <Filter>Header Files\common</Filter>
    </ClInclude>
    <ClInclude Include="..\CoreOverlayStub\detours\detours.h">
      <Filter>detours</Filter>
    </ClInclude>
    <ClInclude Include="..\CoreOverlayStub\detours\detver.h">
      <Filter>detours</Filter>
    </ClInclude>
  </ItemGroup>
  <ItemGroup>
    <Image Include="CoreOSBrowser.ico">
      <Filter>Resource Files</Filter>
    </Image>
    <Image Include="small.ico">
      <Filter>Resource Files</Filter>
    </Image>
  </ItemGroup>
  <ItemGroup>
    <ResourceCompile Include="CoreOSBrowser.rc">
      <Filter>Resource Files</Filter>
    </ResourceCompile>
  </ItemGroup>
  <ItemGroup>
    <Text Include="ReadMe.txt" />
  </ItemGroup>
</Project>